
Microsoft Visual Studio Solution File, Format Version 12.00
# Visual Studio Version 17
VisualStudioVersion = 17.0.31903.59
MinimumVisualStudioVersion = 10.0.40219.1
Project("{2150E333-8FDC-42A3-9474-1A3956D46DE8}") = "src", "src", "{827E0CD3-B72D-47B6-A68D-7590B98EB39B}"
EndProject
Project("{FAE04EC0-301F-11D3-BF4B-00C04F79EFBC}") = "Ats.Api", "src\Ats.Api\Ats.Api.csproj", "{50B7D214-801E-4996-9539-001FA89B49AA}"
EndProject
Project("{2150E333-8FDC-42A3-9474-1A3956D46DE8}") = "Modules", "Modules", "{EC447DCF-ABFA-6E24-52A5-D7FD48A5C558}"
EndProject
Project("{2150E333-8FDC-42A3-9474-1A3956D46DE8}") = "Applications", "Applications", "{A5CC4D75-6B64-0E2F-A8D1-8265ADF4E053}"
EndProject
Project("{2150E333-8FDC-42A3-9474-1A3956D46DE8}") = "Api", "Api", "{EBFD9DBA-4DF6-AB14-A094-B94C2B68F6C6}"
EndProject
Project("{FAE04EC0-301F-11D3-BF4B-00C04F79EFBC}") = "Ats.Modules.Applications.Api", "src\Modules\Applications\Api\Ats.Modules.Applications.Api.csproj", "{9C3B0894-DA78-4ED2-B545-6FA64B5511AE}"
EndProject
Project("{2150E333-8FDC-42A3-9474-1A3956D46DE8}") = "Application", "Application", "{0BC8F833-1D6F-D31F-4236-06F2C1E7DE3C}"
EndProject
Project("{FAE04EC0-301F-11D3-BF4B-00C04F79EFBC}") = "Ats.Modules.Applications.Application", "src\Modules\Applications\Application\Ats.Modules.Applications.Application.csproj", "{688BD870-60A4-40D0-B416-5A3578FFE5D0}"
EndProject
Project("{2150E333-8FDC-42A3-9474-1A3956D46DE8}") = "Domain", "Domain", "{BE34361C-7829-A02E-AD53-ED4DAECF2E7B}"
EndProject
Project("{FAE04EC0-301F-11D3-BF4B-00C04F79EFBC}") = "Ats.Modules.Applications.Domain", "src\Modules\Applications\Domain\Ats.Modules.Applications.Domain.csproj", "{1C709CF6-3C41-4BF1-804D-F4CD6F86FDCE}"
EndProject
Project("{2150E333-8FDC-42A3-9474-1A3956D46DE8}") = "Infrastructure", "Infrastructure", "{99A86045-FCBB-37CF-4B08-435898B78BB4}"
EndProject
Project("{FAE04EC0-301F-11D3-BF4B-00C04F79EFBC}") = "Ats.Modules.Applications.Infrastructure", "src\Modules\Applications\Infrastructure\Ats.Modules.Applications.Infrastructure.csproj", "{00309FAF-76F1-4C7A-9A79-80C2603D6B15}"
EndProject
Project("{2150E333-8FDC-42A3-9474-1A3956D46DE8}") = "Interviews", "Interviews", "{4260EF14-A79C-2D1E-013E-0CAF2E0F41D3}"
EndProject
Project("{2150E333-8FDC-42A3-9474-1A3956D46DE8}") = "Api", "Api", "{FDE0D668-82CC-2E25-675E-024690D326FF}"
EndProject
Project("{FAE04EC0-301F-11D3-BF4B-00C04F79EFBC}") = "Ats.Modules.Interviews.Api", "src\Modules\Interviews\Api\Ats.Modules.Interviews.Api.csproj", "{7BD9B03E-6684-497A-B708-174D37E2EFF5}"
EndProject
Project("{2150E333-8FDC-42A3-9474-1A3956D46DE8}") = "Application", "Application", "{ADA20D3A-4BEC-5F32-AF15-47624C21F0D5}"
EndProject
Project("{FAE04EC0-301F-11D3-BF4B-00C04F79EFBC}") = "Ats.Modules.Interviews.Application", "src\Modules\Interviews\Application\Ats.Modules.Interviews.Application.csproj", "{3D967E3F-8D24-4209-830D-A411C0358448}"
EndProject
Project("{2150E333-8FDC-42A3-9474-1A3956D46DE8}") = "Domain", "Domain", "{6099763F-22B3-3348-29C4-1A64BAF87E82}"
EndProject
Project("{FAE04EC0-301F-11D3-BF4B-00C04F79EFBC}") = "Ats.Modules.Interviews.Domain", "src\Modules\Interviews\Domain\Ats.Modules.Interviews.Domain.csproj", "{8C900F71-B1F5-4132-BD6C-215D1DDE3EF9}"
EndProject
Project("{2150E333-8FDC-42A3-9474-1A3956D46DE8}") = "Infrastructure", "Infrastructure", "{99F1C9B7-995A-66A3-C003-56B8B722E905}"
EndProject
Project("{FAE04EC0-301F-11D3-BF4B-00C04F79EFBC}") = "Ats.Modules.Interviews.Infrastructure", "src\Modules\Interviews\Infrastructure\Ats.Modules.Interviews.Infrastructure.csproj", "{7D2B42A9-D09A-4D72-A3FB-DC2388356EB9}"
EndProject
Project("{2150E333-8FDC-42A3-9474-1A3956D46DE8}") = "Jobs", "Jobs", "{72D90D98-2977-7949-81F5-CA55A7205F48}"
EndProject
Project("{2150E333-8FDC-42A3-9474-1A3956D46DE8}") = "Api", "Api", "{F93E7764-B540-F351-BD7C-4C4D9E212A5F}"
EndProject
Project("{FAE04EC0-301F-11D3-BF4B-00C04F79EFBC}") = "Ats.Modules.Jobs.Api", "src\Modules\Jobs\Api\Ats.Modules.Jobs.Api.csproj", "{56F7FBD7-7C51-44F6-A6B5-F68B592792D1}"
EndProject
Project("{2150E333-8FDC-42A3-9474-1A3956D46DE8}") = "Application", "Application", "{9D7EC0FC-4979-46E8-89C7-E85E33AA70E2}"
EndProject
Project("{FAE04EC0-301F-11D3-BF4B-00C04F79EFBC}") = "Ats.Modules.Jobs.Application", "src\Modules\Jobs\Application\Ats.Modules.Jobs.Application.csproj", "{8CF6FCBA-4DEB-4D4F-A5F3-5CA3A8DC5EE4}"
EndProject
Project("{2150E333-8FDC-42A3-9474-1A3956D46DE8}") = "Domain", "Domain", "{E379B3FD-5090-B2DA-0CEE-37A195F56634}"
EndProject
Project("{FAE04EC0-301F-11D3-BF4B-00C04F79EFBC}") = "Ats.Modules.Jobs.Domain", "src\Modules\Jobs\Domain\Ats.Modules.Jobs.Domain.csproj", "{A4043A1D-7FF0-4BDD-8FBE-72E5A6FBAC98}"
EndProject
Project("{2150E333-8FDC-42A3-9474-1A3956D46DE8}") = "Infrastructure", "Infrastructure", "{30B8B483-FF07-EF56-D2E1-473E87FB67D5}"
EndProject
Project("{FAE04EC0-301F-11D3-BF4B-00C04F79EFBC}") = "Ats.Modules.Jobs.Infrastructure", "src\Modules\Jobs\Infrastructure\Ats.Modules.Jobs.Infrastructure.csproj", "{2AC72676-82BA-46E0-A788-D46CD6720DE7}"
EndProject
Project("{2150E333-8FDC-42A3-9474-1A3956D46DE8}") = "Notifications", "Notifications", "{DE9DAF8A-E684-0FD3-FFDC-40D3E3158533}"
EndProject
Project("{2150E333-8FDC-42A3-9474-1A3956D46DE8}") = "Api", "Api", "{5A2000BE-2F10-E714-02EB-FE03BB1B81A4}"
EndProject
Project("{FAE04EC0-301F-11D3-BF4B-00C04F79EFBC}") = "Ats.Modules.Notifications.Api", "src\Modules\Notifications\Api\Ats.Modules.Notifications.Api.csproj", "{9C2BB00A-012D-4487-9168-C6C34C46E2A0}"
EndProject
Project("{2150E333-8FDC-42A3-9474-1A3956D46DE8}") = "Application", "Application", "{9E2A1AC7-D787-4F45-679D-00F70A4259B3}"
EndProject
Project("{FAE04EC0-301F-11D3-BF4B-00C04F79EFBC}") = "Ats.Modules.Notifications.Application", "src\Modules\Notifications\Application\Ats.Modules.Notifications.Application.csproj", "{4364F9B7-698B-4380-8A29-8E5C95C33CD3}"
EndProject
Project("{2150E333-8FDC-42A3-9474-1A3956D46DE8}") = "Domain", "Domain", "{8397FBE7-0207-9735-8802-744B88143CC1}"
EndProject
Project("{FAE04EC0-301F-11D3-BF4B-00C04F79EFBC}") = "Ats.Modules.Notifications.Domain", "src\Modules\Notifications\Domain\Ats.Modules.Notifications.Domain.csproj", "{598F0ABF-CFC3-4F8C-B068-ED31F1D032D1}"
EndProject
Project("{2150E333-8FDC-42A3-9474-1A3956D46DE8}") = "Infrastructure", "Infrastructure", "{DD23DE8B-14E5-FAE5-526B-06C10D66314B}"
EndProject
Project("{FAE04EC0-301F-11D3-BF4B-00C04F79EFBC}") = "Ats.Modules.Notifications.Infrastructure", "src\Modules\Notifications\Infrastructure\Ats.Modules.Notifications.Infrastructure.csproj", "{8504D669-08FE-4CE2-9BA6-558187A36DD8}"
EndProject
Project("{2150E333-8FDC-42A3-9474-1A3956D46DE8}") = "Tenants", "Tenants", "{F76A4D96-877B-5F50-AF00-5E9467FFFDF0}"
EndProject
Project("{2150E333-8FDC-42A3-9474-1A3956D46DE8}") = "Api", "Api", "{A669423C-05DD-CA9B-3F5C-792445F42A4C}"
EndProject
Project("{FAE04EC0-301F-11D3-BF4B-00C04F79EFBC}") = "Ats.Modules.Tenants.Api", "src\Modules\Tenants\Api\Ats.Modules.Tenants.Api.csproj", "{DB76FCDF-DD0B-43FB-9A64-14453DF374BB}"
EndProject
Project("{2150E333-8FDC-42A3-9474-1A3956D46DE8}") = "Application", "Application", "{392C025B-9143-42F1-D124-77159680BB0B}"
EndProject
Project("{FAE04EC0-301F-11D3-BF4B-00C04F79EFBC}") = "Ats.Modules.Tenants.Application", "src\Modules\Tenants\Application\Ats.Modules.Tenants.Application.csproj", "{64990EFC-9BCD-48A0-A100-A61BEDD99865}"
EndProject
Project("{2150E333-8FDC-42A3-9474-1A3956D46DE8}") = "Domain", "Domain", "{D577DC8C-8236-D127-1BD0-0663A1BA4B68}"
EndProject
Project("{FAE04EC0-301F-11D3-BF4B-00C04F79EFBC}") = "Ats.Modules.Tenants.Domain", "src\Modules\Tenants\Domain\Ats.Modules.Tenants.Domain.csproj", "{BC6E6613-3ED3-4675-B28A-B14D75CBAFB3}"
EndProject
Project("{2150E333-8FDC-42A3-9474-1A3956D46DE8}") = "Infrastructure", "Infrastructure", "{834958BD-A990-041C-2B94-2246E24DBB26}"
EndProject
Project("{FAE04EC0-301F-11D3-BF4B-00C04F79EFBC}") = "Ats.Modules.Tenants.Infrastructure", "src\Modules\Tenants\Infrastructure\Ats.Modules.Tenants.Infrastructure.csproj", "{2A379ADE-8297-4695-AF08-DB1EE52154EF}"
EndProject
Project("{2150E333-8FDC-42A3-9474-1A3956D46DE8}") = "Shared", "Shared", "{C8E42992-5E42-0C2B-DBFE-AA848D06431C}"
EndProject
Project("{FAE04EC0-301F-11D3-BF4B-00C04F79EFBC}") = "Ats.Shared.Infrastructure", "src\Shared\Ats.Shared.Infrastructure\Ats.Shared.Infrastructure.csproj", "{9A15E1EA-6836-4D7F-BBC4-EEBAD9E4B1F3}"
EndProject
Project("{FAE04EC0-301F-11D3-BF4B-00C04F79EFBC}") = "Ats.Shared.Kernel", "src\Shared\Ats.Shared.Kernel\Ats.Shared.Kernel.csproj", "{44848CDE-32F4-47E3-B5C9-D64BDA1E9A07}"
EndProject
Project("{2150E333-8FDC-42A3-9474-1A3956D46DE8}") = "tests", "tests", "{0AB3BF05-4346-4AA6-1389-037BE0695223}"
EndProject
Project("{FAE04EC0-301F-11D3-BF4B-00C04F79EFBC}") = "Ats.ArchitectureTests", "tests\Ats.ArchitectureTests\Ats.ArchitectureTests.csproj", "{0C105C0F-FF53-485E-B25D-E8F2296616D0}"
EndProject
Project("{FAE04EC0-301F-11D3-BF4B-00C04F79EFBC}") = "Ats.IntegrationTests", "tests\Ats.IntegrationTests\Ats.IntegrationTests.csproj", "{A2D5E78D-873A-4A85-BA3C-326246BB6715}"
EndProject
Project("{FAE04EC0-301F-11D3-BF4B-00C04F79EFBC}") = "Ats.UnitTests", "tests\Ats.UnitTests\Ats.UnitTests.csproj", "{A592C222-1BD7-4536-9535-5B121A5B2A8D}"
EndProject
Global
	GlobalSection(SolutionConfigurationPlatforms) = preSolution
		Debug|Any CPU = Debug|Any CPU
		Debug|x64 = Debug|x64
		Debug|x86 = Debug|x86
		Release|Any CPU = Release|Any CPU
		Release|x64 = Release|x64
		Release|x86 = Release|x86
	EndGlobalSection
	GlobalSection(ProjectConfigurationPlatforms) = postSolution
		{50B7D214-801E-4996-9539-001FA89B49AA}.Debug|Any CPU.ActiveCfg = Debug|Any CPU
		{50B7D214-801E-4996-9539-001FA89B49AA}.Debug|Any CPU.Build.0 = Debug|Any CPU
		{50B7D214-801E-4996-9539-001FA89B49AA}.Debug|x64.ActiveCfg = Debug|Any CPU
		{50B7D214-801E-4996-9539-001FA89B49AA}.Debug|x64.Build.0 = Debug|Any CPU
		{50B7D214-801E-4996-9539-001FA89B49AA}.Debug|x86.ActiveCfg = Debug|Any CPU
		{50B7D214-801E-4996-9539-001FA89B49AA}.Debug|x86.Build.0 = Debug|Any CPU
		{50B7D214-801E-4996-9539-001FA89B49AA}.Release|Any CPU.ActiveCfg = Release|Any CPU
		{50B7D214-801E-4996-9539-001FA89B49AA}.Release|Any CPU.Build.0 = Release|Any CPU
		{50B7D214-801E-4996-9539-001FA89B49AA}.Release|x64.ActiveCfg = Release|Any CPU
		{50B7D214-801E-4996-9539-001FA89B49AA}.Release|x64.Build.0 = Release|Any CPU
		{50B7D214-801E-4996-9539-001FA89B49AA}.Release|x86.ActiveCfg = Release|Any CPU
		{50B7D214-801E-4996-9539-001FA89B49AA}.Release|x86.Build.0 = Release|Any CPU
		{9C3B0894-DA78-4ED2-B545-6FA64B5511AE}.Debug|Any CPU.ActiveCfg = Debug|Any CPU
		{9C3B0894-DA78-4ED2-B545-6FA64B5511AE}.Debug|Any CPU.Build.0 = Debug|Any CPU
		{9C3B0894-DA78-4ED2-B545-6FA64B5511AE}.Debug|x64.ActiveCfg = Debug|Any CPU
		{9C3B0894-DA78-4ED2-B545-6FA64B5511AE}.Debug|x64.Build.0 = Debug|Any CPU
		{9C3B0894-DA78-4ED2-B545-6FA64B5511AE}.Debug|x86.ActiveCfg = Debug|Any CPU
		{9C3B0894-DA78-4ED2-B545-6FA64B5511AE}.Debug|x86.Build.0 = Debug|Any CPU
		{9C3B0894-DA78-4ED2-B545-6FA64B5511AE}.Release|Any CPU.ActiveCfg = Release|Any CPU
		{9C3B0894-DA78-4ED2-B545-6FA64B5511AE}.Release|Any CPU.Build.0 = Release|Any CPU
		{9C3B0894-DA78-4ED2-B545-6FA64B5511AE}.Release|x64.ActiveCfg = Release|Any CPU
		{9C3B0894-DA78-4ED2-B545-6FA64B5511AE}.Release|x64.Build.0 = Release|Any CPU
		{9C3B0894-DA78-4ED2-B545-6FA64B5511AE}.Release|x86.ActiveCfg = Release|Any CPU
		{9C3B0894-DA78-4ED2-B545-6FA64B5511AE}.Release|x86.Build.0 = Release|Any CPU
		{688BD870-60A4-40D0-B416-5A3578FFE5D0}.Debug|Any CPU.ActiveCfg = Debug|Any CPU
		{688BD870-60A4-40D0-B416-5A3578FFE5D0}.Debug|Any CPU.Build.0 = Debug|Any CPU
		{688BD870-60A4-40D0-B416-5A3578FFE5D0}.Debug|x64.ActiveCfg = Debug|Any CPU
		{688BD870-60A4-40D0-B416-5A3578FFE5D0}.Debug|x64.Build.0 = Debug|Any CPU
		{688BD870-60A4-40D0-B416-5A3578FFE5D0}.Debug|x86.ActiveCfg = Debug|Any CPU
		{688BD870-60A4-40D0-B416-5A3578FFE5D0}.Debug|x86.Build.0 = Debug|Any CPU
		{688BD870-60A4-40D0-B416-5A3578FFE5D0}.Release|Any CPU.ActiveCfg = Release|Any CPU
		{688BD870-60A4-40D0-B416-5A3578FFE5D0}.Release|Any CPU.Build.0 = Release|Any CPU
		{688BD870-60A4-40D0-B416-5A3578FFE5D0}.Release|x64.ActiveCfg = Release|Any CPU
		{688BD870-60A4-40D0-B416-5A3578FFE5D0}.Release|x64.Build.0 = Release|Any CPU
		{688BD870-60A4-40D0-B416-5A3578FFE5D0}.Release|x86.ActiveCfg = Release|Any CPU
		{688BD870-60A4-40D0-B416-5A3578FFE5D0}.Release|x86.Build.0 = Release|Any CPU
		{1C709CF6-3C41-4BF1-804D-F4CD6F86FDCE}.Debug|Any CPU.ActiveCfg = Debug|Any CPU
		{1C709CF6-3C41-4BF1-804D-F4CD6F86FDCE}.Debug|Any CPU.Build.0 = Debug|Any CPU
		{1C709CF6-3C41-4BF1-804D-F4CD6F86FDCE}.Debug|x64.ActiveCfg = Debug|Any CPU
		{1C709CF6-3C41-4BF1-804D-F4CD6F86FDCE}.Debug|x64.Build.0 = Debug|Any CPU
		{1C709CF6-3C41-4BF1-804D-F4CD6F86FDCE}.Debug|x86.ActiveCfg = Debug|Any CPU
		{1C709CF6-3C41-4BF1-804D-F4CD6F86FDCE}.Debug|x86.Build.0 = Debug|Any CPU
		{1C709CF6-3C41-4BF1-804D-F4CD6F86FDCE}.Release|Any CPU.ActiveCfg = Release|Any CPU
		{1C709CF6-3C41-4BF1-804D-F4CD6F86FDCE}.Release|Any CPU.Build.0 = Release|Any CPU
		{1C709CF6-3C41-4BF1-804D-F4CD6F86FDCE}.Release|x64.ActiveCfg = Release|Any CPU
		{1C709CF6-3C41-4BF1-804D-F4CD6F86FDCE}.Release|x64.Build.0 = Release|Any CPU
		{1C709CF6-3C41-4BF1-804D-F4CD6F86FDCE}.Release|x86.ActiveCfg = Release|Any CPU
		{1C709CF6-3C41-4BF1-804D-F4CD6F86FDCE}.Release|x86.Build.0 = Release|Any CPU
		{00309FAF-76F1-4C7A-9A79-80C2603D6B15}.Debug|Any CPU.ActiveCfg = Debug|Any CPU
		{00309FAF-76F1-4C7A-9A79-80C2603D6B15}.Debug|Any CPU.Build.0 = Debug|Any CPU
		{00309FAF-76F1-4C7A-9A79-80C2603D6B15}.Debug|x64.ActiveCfg = Debug|Any CPU
		{00309FAF-76F1-4C7A-9A79-80C2603D6B15}.Debug|x64.Build.0 = Debug|Any CPU
		{00309FAF-76F1-4C7A-9A79-80C2603D6B15}.Debug|x86.ActiveCfg = Debug|Any CPU
		{00309FAF-76F1-4C7A-9A79-80C2603D6B15}.Debug|x86.Build.0 = Debug|Any CPU
		{00309FAF-76F1-4C7A-9A79-80C2603D6B15}.Release|Any CPU.ActiveCfg = Release|Any CPU
		{00309FAF-76F1-4C7A-9A79-80C2603D6B15}.Release|Any CPU.Build.0 = Release|Any CPU
		{00309FAF-76F1-4C7A-9A79-80C2603D6B15}.Release|x64.ActiveCfg = Release|Any CPU
		{00309FAF-76F1-4C7A-9A79-80C2603D6B15}.Release|x64.Build.0 = Release|Any CPU
		{00309FAF-76F1-4C7A-9A79-80C2603D6B15}.Release|x86.ActiveCfg = Release|Any CPU
		{00309FAF-76F1-4C7A-9A79-80C2603D6B15}.Release|x86.Build.0 = Release|Any CPU
		{7BD9B03E-6684-497A-B708-174D37E2EFF5}.Debug|Any CPU.ActiveCfg = Debug|Any CPU
		{7BD9B03E-6684-497A-B708-174D37E2EFF5}.Debug|Any CPU.Build.0 = Debug|Any CPU
		{7BD9B03E-6684-497A-B708-174D37E2EFF5}.Debug|x64.ActiveCfg = Debug|Any CPU
		{7BD9B03E-6684-497A-B708-174D37E2EFF5}.Debug|x64.Build.0 = Debug|Any CPU
		{7BD9B03E-6684-497A-B708-174D37E2EFF5}.Debug|x86.ActiveCfg = Debug|Any CPU
		{7BD9B03E-6684-497A-B708-174D37E2EFF5}.Debug|x86.Build.0 = Debug|Any CPU
		{7BD9B03E-6684-497A-B708-174D37E2EFF5}.Release|Any CPU.ActiveCfg = Release|Any CPU
		{7BD9B03E-6684-497A-B708-174D37E2EFF5}.Release|Any CPU.Build.0 = Release|Any CPU
		{7BD9B03E-6684-497A-B708-174D37E2EFF5}.Release|x64.ActiveCfg = Release|Any CPU
		{7BD9B03E-6684-497A-B708-174D37E2EFF5}.Release|x64.Build.0 = Release|Any CPU
		{7BD9B03E-6684-497A-B708-174D37E2EFF5}.Release|x86.ActiveCfg = Release|Any CPU
		{7BD9B03E-6684-497A-B708-174D37E2EFF5}.Release|x86.Build.0 = Release|Any CPU
		{3D967E3F-8D24-4209-830D-A411C0358448}.Debug|Any CPU.ActiveCfg = Debug|Any CPU
		{3D967E3F-8D24-4209-830D-A411C0358448}.Debug|Any CPU.Build.0 = Debug|Any CPU
		{3D967E3F-8D24-4209-830D-A411C0358448}.Debug|x64.ActiveCfg = Debug|Any CPU
		{3D967E3F-8D24-4209-830D-A411C0358448}.Debug|x64.Build.0 = Debug|Any CPU
		{3D967E3F-8D24-4209-830D-A411C0358448}.Debug|x86.ActiveCfg = Debug|Any CPU
		{3D967E3F-8D24-4209-830D-A411C0358448}.Debug|x86.Build.0 = Debug|Any CPU
		{3D967E3F-8D24-4209-830D-A411C0358448}.Release|Any CPU.ActiveCfg = Release|Any CPU
		{3D967E3F-8D24-4209-830D-A411C0358448}.Release|Any CPU.Build.0 = Release|Any CPU
		{3D967E3F-8D24-4209-830D-A411C0358448}.Release|x64.ActiveCfg = Release|Any CPU
		{3D967E3F-8D24-4209-830D-A411C0358448}.Release|x64.Build.0 = Release|Any CPU
		{3D967E3F-8D24-4209-830D-A411C0358448}.Release|x86.ActiveCfg = Release|Any CPU
		{3D967E3F-8D24-4209-830D-A411C0358448}.Release|x86.Build.0 = Release|Any CPU
		{8C900F71-B1F5-4132-BD6C-215D1DDE3EF9}.Debug|Any CPU.ActiveCfg = Debug|Any CPU
		{8C900F71-B1F5-4132-BD6C-215D1DDE3EF9}.Debug|Any CPU.Build.0 = Debug|Any CPU
		{8C900F71-B1F5-4132-BD6C-215D1DDE3EF9}.Debug|x64.ActiveCfg = Debug|Any CPU
		{8C900F71-B1F5-4132-BD6C-215D1DDE3EF9}.Debug|x64.Build.0 = Debug|Any CPU
		{8C900F71-B1F5-4132-BD6C-215D1DDE3EF9}.Debug|x86.ActiveCfg = Debug|Any CPU
		{8C900F71-B1F5-4132-BD6C-215D1DDE3EF9}.Debug|x86.Build.0 = Debug|Any CPU
		{8C900F71-B1F5-4132-BD6C-215D1DDE3EF9}.Release|Any CPU.ActiveCfg = Release|Any CPU
		{8C900F71-B1F5-4132-BD6C-215D1DDE3EF9}.Release|Any CPU.Build.0 = Release|Any CPU
		{8C900F71-B1F5-4132-BD6C-215D1DDE3EF9}.Release|x64.ActiveCfg = Release|Any CPU
		{8C900F71-B1F5-4132-BD6C-215D1DDE3EF9}.Release|x64.Build.0 = Release|Any CPU
		{8C900F71-B1F5-4132-BD6C-215D1DDE3EF9}.Release|x86.ActiveCfg = Release|Any CPU
		{8C900F71-B1F5-4132-BD6C-215D1DDE3EF9}.Release|x86.Build.0 = Release|Any CPU
		{7D2B42A9-D09A-4D72-A3FB-DC2388356EB9}.Debug|Any CPU.ActiveCfg = Debug|Any CPU
		{7D2B42A9-D09A-4D72-A3FB-DC2388356EB9}.Debug|Any CPU.Build.0 = Debug|Any CPU
		{7D2B42A9-D09A-4D72-A3FB-DC2388356EB9}.Debug|x64.ActiveCfg = Debug|Any CPU
		{7D2B42A9-D09A-4D72-A3FB-DC2388356EB9}.Debug|x64.Build.0 = Debug|Any CPU
		{7D2B42A9-D09A-4D72-A3FB-DC2388356EB9}.Debug|x86.ActiveCfg = Debug|Any CPU
		{7D2B42A9-D09A-4D72-A3FB-DC2388356EB9}.Debug|x86.Build.0 = Debug|Any CPU
		{7D2B42A9-D09A-4D72-A3FB-DC2388356EB9}.Release|Any CPU.ActiveCfg = Release|Any CPU
		{7D2B42A9-D09A-4D72-A3FB-DC2388356EB9}.Release|Any CPU.Build.0 = Release|Any CPU
		{7D2B42A9-D09A-4D72-A3FB-DC2388356EB9}.Release|x64.ActiveCfg = Release|Any CPU
		{7D2B42A9-D09A-4D72-A3FB-DC2388356EB9}.Release|x64.Build.0 = Release|Any CPU
		{7D2B42A9-D09A-4D72-A3FB-DC2388356EB9}.Release|x86.ActiveCfg = Release|Any CPU
		{7D2B42A9-D09A-4D72-A3FB-DC2388356EB9}.Release|x86.Build.0 = Release|Any CPU
		{56F7FBD7-7C51-44F6-A6B5-F68B592792D1}.Debug|Any CPU.ActiveCfg = Debug|Any CPU
		{56F7FBD7-7C51-44F6-A6B5-F68B592792D1}.Debug|Any CPU.Build.0 = Debug|Any CPU
		{56F7FBD7-7C51-44F6-A6B5-F68B592792D1}.Debug|x64.ActiveCfg = Debug|Any CPU
		{56F7FBD7-7C51-44F6-A6B5-F68B592792D1}.Debug|x64.Build.0 = Debug|Any CPU
		{56F7FBD7-7C51-44F6-A6B5-F68B592792D1}.Debug|x86.ActiveCfg = Debug|Any CPU
		{56F7FBD7-7C51-44F6-A6B5-F68B592792D1}.Debug|x86.Build.0 = Debug|Any CPU
		{56F7FBD7-7C51-44F6-A6B5-F68B592792D1}.Release|Any CPU.ActiveCfg = Release|Any CPU
		{56F7FBD7-7C51-44F6-A6B5-F68B592792D1}.Release|Any CPU.Build.0 = Release|Any CPU
		{56F7FBD7-7C51-44F6-A6B5-F68B592792D1}.Release|x64.ActiveCfg = Release|Any CPU
		{56F7FBD7-7C51-44F6-A6B5-F68B592792D1}.Release|x64.Build.0 = Release|Any CPU
		{56F7FBD7-7C51-44F6-A6B5-F68B592792D1}.Release|x86.ActiveCfg = Release|Any CPU
		{56F7FBD7-7C51-44F6-A6B5-F68B592792D1}.Release|x86.Build.0 = Release|Any CPU
		{8CF6FCBA-4DEB-4D4F-A5F3-5CA3A8DC5EE4}.Debug|Any CPU.ActiveCfg = Debug|Any CPU
		{8CF6FCBA-4DEB-4D4F-A5F3-5CA3A8DC5EE4}.Debug|Any CPU.Build.0 = Debug|Any CPU
		{8CF6FCBA-4DEB-4D4F-A5F3-5CA3A8DC5EE4}.Debug|x64.ActiveCfg = Debug|Any CPU
		{8CF6FCBA-4DEB-4D4F-A5F3-5CA3A8DC5EE4}.Debug|x64.Build.0 = Debug|Any CPU
		{8CF6FCBA-4DEB-4D4F-A5F3-5CA3A8DC5EE4}.Debug|x86.ActiveCfg = Debug|Any CPU
		{8CF6FCBA-4DEB-4D4F-A5F3-5CA3A8DC5EE4}.Debug|x86.Build.0 = Debug|Any CPU
		{8CF6FCBA-4DEB-4D4F-A5F3-5CA3A8DC5EE4}.Release|Any CPU.ActiveCfg = Release|Any CPU
		{8CF6FCBA-4DEB-4D4F-A5F3-5CA3A8DC5EE4}.Release|Any CPU.Build.0 = Release|Any CPU
		{8CF6FCBA-4DEB-4D4F-A5F3-5CA3A8DC5EE4}.Release|x64.ActiveCfg = Release|Any CPU
		{8CF6FCBA-4DEB-4D4F-A5F3-5CA3A8DC5EE4}.Release|x64.Build.0 = Release|Any CPU
		{8CF6FCBA-4DEB-4D4F-A5F3-5CA3A8DC5EE4}.Release|x86.ActiveCfg = Release|Any CPU
		{8CF6FCBA-4DEB-4D4F-A5F3-5CA3A8DC5EE4}.Release|x86.Build.0 = Release|Any CPU
		{A4043A1D-7FF0-4BDD-8FBE-72E5A6FBAC98}.Debug|Any CPU.ActiveCfg = Debug|Any CPU
		{A4043A1D-7FF0-4BDD-8FBE-72E5A6FBAC98}.Debug|Any CPU.Build.0 = Debug|Any CPU
		{A4043A1D-7FF0-4BDD-8FBE-72E5A6FBAC98}.Debug|x64.ActiveCfg = Debug|Any CPU
		{A4043A1D-7FF0-4BDD-8FBE-72E5A6FBAC98}.Debug|x64.Build.0 = Debug|Any CPU
		{A4043A1D-7FF0-4BDD-8FBE-72E5A6FBAC98}.Debug|x86.ActiveCfg = Debug|Any CPU
		{A4043A1D-7FF0-4BDD-8FBE-72E5A6FBAC98}.Debug|x86.Build.0 = Debug|Any CPU
		{A4043A1D-7FF0-4BDD-8FBE-72E5A6FBAC98}.Release|Any CPU.ActiveCfg = Release|Any CPU
		{A4043A1D-7FF0-4BDD-8FBE-72E5A6FBAC98}.Release|Any CPU.Build.0 = Release|Any CPU
		{A4043A1D-7FF0-4BDD-8FBE-72E5A6FBAC98}.Release|x64.ActiveCfg = Release|Any CPU
		{A4043A1D-7FF0-4BDD-8FBE-72E5A6FBAC98}.Release|x64.Build.0 = Release|Any CPU
		{A4043A1D-7FF0-4BDD-8FBE-72E5A6FBAC98}.Release|x86.ActiveCfg = Release|Any CPU
		{A4043A1D-7FF0-4BDD-8FBE-72E5A6FBAC98}.Release|x86.Build.0 = Release|Any CPU
		{2AC72676-82BA-46E0-A788-D46CD6720DE7}.Debug|Any CPU.ActiveCfg = Debug|Any CPU
		{2AC72676-82BA-46E0-A788-D46CD6720DE7}.Debug|Any CPU.Build.0 = Debug|Any CPU
		{2AC72676-82BA-46E0-A788-D46CD6720DE7}.Debug|x64.ActiveCfg = Debug|Any CPU
		{2AC72676-82BA-46E0-A788-D46CD6720DE7}.Debug|x64.Build.0 = Debug|Any CPU
		{2AC72676-82BA-46E0-A788-D46CD6720DE7}.Debug|x86.ActiveCfg = Debug|Any CPU
		{2AC72676-82BA-46E0-A788-D46CD6720DE7}.Debug|x86.Build.0 = Debug|Any CPU
		{2AC72676-82BA-46E0-A788-D46CD6720DE7}.Release|Any CPU.ActiveCfg = Release|Any CPU
		{2AC72676-82BA-46E0-A788-D46CD6720DE7}.Release|Any CPU.Build.0 = Release|Any CPU
		{2AC72676-82BA-46E0-A788-D46CD6720DE7}.Release|x64.ActiveCfg = Release|Any CPU
		{2AC72676-82BA-46E0-A788-D46CD6720DE7}.Release|x64.Build.0 = Release|Any CPU
		{2AC72676-82BA-46E0-A788-D46CD6720DE7}.Release|x86.ActiveCfg = Release|Any CPU
		{2AC72676-82BA-46E0-A788-D46CD6720DE7}.Release|x86.Build.0 = Release|Any CPU
		{9C2BB00A-012D-4487-9168-C6C34C46E2A0}.Debug|Any CPU.ActiveCfg = Debug|Any CPU
		{9C2BB00A-012D-4487-9168-C6C34C46E2A0}.Debug|Any CPU.Build.0 = Debug|Any CPU
		{9C2BB00A-012D-4487-9168-C6C34C46E2A0}.Debug|x64.ActiveCfg = Debug|Any CPU
		{9C2BB00A-012D-4487-9168-C6C34C46E2A0}.Debug|x64.Build.0 = Debug|Any CPU
		{9C2BB00A-012D-4487-9168-C6C34C46E2A0}.Debug|x86.ActiveCfg = Debug|Any CPU
		{9C2BB00A-012D-4487-9168-C6C34C46E2A0}.Debug|x86.Build.0 = Debug|Any CPU
		{9C2BB00A-012D-4487-9168-C6C34C46E2A0}.Release|Any CPU.ActiveCfg = Release|Any CPU
		{9C2BB00A-012D-4487-9168-C6C34C46E2A0}.Release|Any CPU.Build.0 = Release|Any CPU
		{9C2BB00A-012D-4487-9168-C6C34C46E2A0}.Release|x64.ActiveCfg = Release|Any CPU
		{9C2BB00A-012D-4487-9168-C6C34C46E2A0}.Release|x64.Build.0 = Release|Any CPU
		{9C2BB00A-012D-4487-9168-C6C34C46E2A0}.Release|x86.ActiveCfg = Release|Any CPU
		{9C2BB00A-012D-4487-9168-C6C34C46E2A0}.Release|x86.Build.0 = Release|Any CPU
		{4364F9B7-698B-4380-8A29-8E5C95C33CD3}.Debug|Any CPU.ActiveCfg = Debug|Any CPU
		{4364F9B7-698B-4380-8A29-8E5C95C33CD3}.Debug|Any CPU.Build.0 = Debug|Any CPU
		{4364F9B7-698B-4380-8A29-8E5C95C33CD3}.Debug|x64.ActiveCfg = Debug|Any CPU
		{4364F9B7-698B-4380-8A29-8E5C95C33CD3}.Debug|x64.Build.0 = Debug|Any CPU
		{4364F9B7-698B-4380-8A29-8E5C95C33CD3}.Debug|x86.ActiveCfg = Debug|Any CPU
		{4364F9B7-698B-4380-8A29-8E5C95C33CD3}.Debug|x86.Build.0 = Debug|Any CPU
		{4364F9B7-698B-4380-8A29-8E5C95C33CD3}.Release|Any CPU.ActiveCfg = Release|Any CPU
		{4364F9B7-698B-4380-8A29-8E5C95C33CD3}.Release|Any CPU.Build.0 = Release|Any CPU
		{4364F9B7-698B-4380-8A29-8E5C95C33CD3}.Release|x64.ActiveCfg = Release|Any CPU
		{4364F9B7-698B-4380-8A29-8E5C95C33CD3}.Release|x64.Build.0 = Release|Any CPU
		{4364F9B7-698B-4380-8A29-8E5C95C33CD3}.Release|x86.ActiveCfg = Release|Any CPU
		{4364F9B7-698B-4380-8A29-8E5C95C33CD3}.Release|x86.Build.0 = Release|Any CPU
		{598F0ABF-CFC3-4F8C-B068-ED31F1D032D1}.Debug|Any CPU.ActiveCfg = Debug|Any CPU
		{598F0ABF-CFC3-4F8C-B068-ED31F1D032D1}.Debug|Any CPU.Build.0 = Debug|Any CPU
		{598F0ABF-CFC3-4F8C-B068-ED31F1D032D1}.Debug|x64.ActiveCfg = Debug|Any CPU
		{598F0ABF-CFC3-4F8C-B068-ED31F1D032D1}.Debug|x64.Build.0 = Debug|Any CPU
		{598F0ABF-CFC3-4F8C-B068-ED31F1D032D1}.Debug|x86.ActiveCfg = Debug|Any CPU
		{598F0ABF-CFC3-4F8C-B068-ED31F1D032D1}.Debug|x86.Build.0 = Debug|Any CPU
		{598F0ABF-CFC3-4F8C-B068-ED31F1D032D1}.Release|Any CPU.ActiveCfg = Release|Any CPU
		{598F0ABF-CFC3-4F8C-B068-ED31F1D032D1}.Release|Any CPU.Build.0 = Release|Any CPU
		{598F0ABF-CFC3-4F8C-B068-ED31F1D032D1}.Release|x64.ActiveCfg = Release|Any CPU
		{598F0ABF-CFC3-4F8C-B068-ED31F1D032D1}.Release|x64.Build.0 = Release|Any CPU
		{598F0ABF-CFC3-4F8C-B068-ED31F1D032D1}.Release|x86.ActiveCfg = Release|Any CPU
		{598F0ABF-CFC3-4F8C-B068-ED31F1D032D1}.Release|x86.Build.0 = Release|Any CPU
		{8504D669-08FE-4CE2-9BA6-558187A36DD8}.Debug|Any CPU.ActiveCfg = Debug|Any CPU
		{8504D669-08FE-4CE2-9BA6-558187A36DD8}.Debug|Any CPU.Build.0 = Debug|Any CPU
		{8504D669-08FE-4CE2-9BA6-558187A36DD8}.Debug|x64.ActiveCfg = Debug|Any CPU
		{8504D669-08FE-4CE2-9BA6-558187A36DD8}.Debug|x64.Build.0 = Debug|Any CPU
		{8504D669-08FE-4CE2-9BA6-558187A36DD8}.Debug|x86.ActiveCfg = Debug|Any CPU
		{8504D669-08FE-4CE2-9BA6-558187A36DD8}.Debug|x86.Build.0 = Debug|Any CPU
		{8504D669-08FE-4CE2-9BA6-558187A36DD8}.Release|Any CPU.ActiveCfg = Release|Any CPU
		{8504D669-08FE-4CE2-9BA6-558187A36DD8}.Release|Any CPU.Build.0 = Release|Any CPU
		{8504D669-08FE-4CE2-9BA6-558187A36DD8}.Release|x64.ActiveCfg = Release|Any CPU
		{8504D669-08FE-4CE2-9BA6-558187A36DD8}.Release|x64.Build.0 = Release|Any CPU
		{8504D669-08FE-4CE2-9BA6-558187A36DD8}.Release|x86.ActiveCfg = Release|Any CPU
		{8504D669-08FE-4CE2-9BA6-558187A36DD8}.Release|x86.Build.0 = Release|Any CPU
		{DB76FCDF-DD0B-43FB-9A64-14453DF374BB}.Debug|Any CPU.ActiveCfg = Debug|Any CPU
		{DB76FCDF-DD0B-43FB-9A64-14453DF374BB}.Debug|Any CPU.Build.0 = Debug|Any CPU
		{DB76FCDF-DD0B-43FB-9A64-14453DF374BB}.Debug|x64.ActiveCfg = Debug|Any CPU
		{DB76FCDF-DD0B-43FB-9A64-14453DF374BB}.Debug|x64.Build.0 = Debug|Any CPU
		{DB76FCDF-DD0B-43FB-9A64-14453DF374BB}.Debug|x86.ActiveCfg = Debug|Any CPU
		{DB76FCDF-DD0B-43FB-9A64-14453DF374BB}.Debug|x86.Build.0 = Debug|Any CPU
		{DB76FCDF-DD0B-43FB-9A64-14453DF374BB}.Release|Any CPU.ActiveCfg = Release|Any CPU
		{DB76FCDF-DD0B-43FB-9A64-14453DF374BB}.Release|Any CPU.Build.0 = Release|Any CPU
		{DB76FCDF-DD0B-43FB-9A64-14453DF374BB}.Release|x64.ActiveCfg = Release|Any CPU
		{DB76FCDF-DD0B-43FB-9A64-14453DF374BB}.Release|x64.Build.0 = Release|Any CPU
		{DB76FCDF-DD0B-43FB-9A64-14453DF374BB}.Release|x86.ActiveCfg = Release|Any CPU
		{DB76FCDF-DD0B-43FB-9A64-14453DF374BB}.Release|x86.Build.0 = Release|Any CPU
		{64990EFC-9BCD-48A0-A100-A61BEDD99865}.Debug|Any CPU.ActiveCfg = Debug|Any CPU
		{64990EFC-9BCD-48A0-A100-A61BEDD99865}.Debug|Any CPU.Build.0 = Debug|Any CPU
		{64990EFC-9BCD-48A0-A100-A61BEDD99865}.Debug|x64.ActiveCfg = Debug|Any CPU
		{64990EFC-9BCD-48A0-A100-A61BEDD99865}.Debug|x64.Build.0 = Debug|Any CPU
		{64990EFC-9BCD-48A0-A100-A61BEDD99865}.Debug|x86.ActiveCfg = Debug|Any CPU
		{64990EFC-9BCD-48A0-A100-A61BEDD99865}.Debug|x86.Build.0 = Debug|Any CPU
		{64990EFC-9BCD-48A0-A100-A61BEDD99865}.Release|Any CPU.ActiveCfg = Release|Any CPU
		{64990EFC-9BCD-48A0-A100-A61BEDD99865}.Release|Any CPU.Build.0 = Release|Any CPU
		{64990EFC-9BCD-48A0-A100-A61BEDD99865}.Release|x64.ActiveCfg = Release|Any CPU
		{64990EFC-9BCD-48A0-A100-A61BEDD99865}.Release|x64.Build.0 = Release|Any CPU
		{64990EFC-9BCD-48A0-A100-A61BEDD99865}.Release|x86.ActiveCfg = Release|Any CPU
		{64990EFC-9BCD-48A0-A100-A61BEDD99865}.Release|x86.Build.0 = Release|Any CPU
		{BC6E6613-3ED3-4675-B28A-B14D75CBAFB3}.Debug|Any CPU.ActiveCfg = Debug|Any CPU
		{BC6E6613-3ED3-4675-B28A-B14D75CBAFB3}.Debug|Any CPU.Build.0 = Debug|Any CPU
		{BC6E6613-3ED3-4675-B28A-B14D75CBAFB3}.Debug|x64.ActiveCfg = Debug|Any CPU
		{BC6E6613-3ED3-4675-B28A-B14D75CBAFB3}.Debug|x64.Build.0 = Debug|Any CPU
		{BC6E6613-3ED3-4675-B28A-B14D75CBAFB3}.Debug|x86.ActiveCfg = Debug|Any CPU
		{BC6E6613-3ED3-4675-B28A-B14D75CBAFB3}.Debug|x86.Build.0 = Debug|Any CPU
		{BC6E6613-3ED3-4675-B28A-B14D75CBAFB3}.Release|Any CPU.ActiveCfg = Release|Any CPU
		{BC6E6613-3ED3-4675-B28A-B14D75CBAFB3}.Release|Any CPU.Build.0 = Release|Any CPU
		{BC6E6613-3ED3-4675-B28A-B14D75CBAFB3}.Release|x64.ActiveCfg = Release|Any CPU
		{BC6E6613-3ED3-4675-B28A-B14D75CBAFB3}.Release|x64.Build.0 = Release|Any CPU
		{BC6E6613-3ED3-4675-B28A-B14D75CBAFB3}.Release|x86.ActiveCfg = Release|Any CPU
		{BC6E6613-3ED3-4675-B28A-B14D75CBAFB3}.Release|x86.Build.0 = Release|Any CPU
		{2A379ADE-8297-4695-AF08-DB1EE52154EF}.Debug|Any CPU.ActiveCfg = Debug|Any CPU
		{2A379ADE-8297-4695-AF08-DB1EE52154EF}.Debug|Any CPU.Build.0 = Debug|Any CPU
		{2A379ADE-8297-4695-AF08-DB1EE52154EF}.Debug|x64.ActiveCfg = Debug|Any CPU
		{2A379ADE-8297-4695-AF08-DB1EE52154EF}.Debug|x64.Build.0 = Debug|Any CPU
		{2A379ADE-8297-4695-AF08-DB1EE52154EF}.Debug|x86.ActiveCfg = Debug|Any CPU
		{2A379ADE-8297-4695-AF08-DB1EE52154EF}.Debug|x86.Build.0 = Debug|Any CPU
		{2A379ADE-8297-4695-AF08-DB1EE52154EF}.Release|Any CPU.ActiveCfg = Release|Any CPU
		{2A379ADE-8297-4695-AF08-DB1EE52154EF}.Release|Any CPU.Build.0 = Release|Any CPU
		{2A379ADE-8297-4695-AF08-DB1EE52154EF}.Release|x64.ActiveCfg = Release|Any CPU
		{2A379ADE-8297-4695-AF08-DB1EE52154EF}.Release|x64.Build.0 = Release|Any CPU
		{2A379ADE-8297-4695-AF08-DB1EE52154EF}.Release|x86.ActiveCfg = Release|Any CPU
		{2A379ADE-8297-4695-AF08-DB1EE52154EF}.Release|x86.Build.0 = Release|Any CPU
		{9A15E1EA-6836-4D7F-BBC4-EEBAD9E4B1F3}.Debug|Any CPU.ActiveCfg = Debug|Any CPU
		{9A15E1EA-6836-4D7F-BBC4-EEBAD9E4B1F3}.Debug|Any CPU.Build.0 = Debug|Any CPU
		{9A15E1EA-6836-4D7F-BBC4-EEBAD9E4B1F3}.Debug|x64.ActiveCfg = Debug|Any CPU
		{9A15E1EA-6836-4D7F-BBC4-EEBAD9E4B1F3}.Debug|x64.Build.0 = Debug|Any CPU
		{9A15E1EA-6836-4D7F-BBC4-EEBAD9E4B1F3}.Debug|x86.ActiveCfg = Debug|Any CPU
		{9A15E1EA-6836-4D7F-BBC4-EEBAD9E4B1F3}.Debug|x86.Build.0 = Debug|Any CPU
		{9A15E1EA-6836-4D7F-BBC4-EEBAD9E4B1F3}.Release|Any CPU.ActiveCfg = Release|Any CPU
		{9A15E1EA-6836-4D7F-BBC4-EEBAD9E4B1F3}.Release|Any CPU.Build.0 = Release|Any CPU
		{9A15E1EA-6836-4D7F-BBC4-EEBAD9E4B1F3}.Release|x64.ActiveCfg = Release|Any CPU
		{9A15E1EA-6836-4D7F-BBC4-EEBAD9E4B1F3}.Release|x64.Build.0 = Release|Any CPU
		{9A15E1EA-6836-4D7F-BBC4-EEBAD9E4B1F3}.Release|x86.ActiveCfg = Release|Any CPU
		{9A15E1EA-6836-4D7F-BBC4-EEBAD9E4B1F3}.Release|x86.Build.0 = Release|Any CPU
		{44848CDE-32F4-47E3-B5C9-D64BDA1E9A07}.Debug|Any CPU.ActiveCfg = Debug|Any CPU
		{44848CDE-32F4-47E3-B5C9-D64BDA1E9A07}.Debug|Any CPU.Build.0 = Debug|Any CPU
		{44848CDE-32F4-47E3-B5C9-D64BDA1E9A07}.Debug|x64.ActiveCfg = Debug|Any CPU
		{44848CDE-32F4-47E3-B5C9-D64BDA1E9A07}.Debug|x64.Build.0 = Debug|Any CPU
		{44848CDE-32F4-47E3-B5C9-D64BDA1E9A07}.Debug|x86.ActiveCfg = Debug|Any CPU
		{44848CDE-32F4-47E3-B5C9-D64BDA1E9A07}.Debug|x86.Build.0 = Debug|Any CPU
		{44848CDE-32F4-47E3-B5C9-D64BDA1E9A07}.Release|Any CPU.ActiveCfg = Release|Any CPU
		{44848CDE-32F4-47E3-B5C9-D64BDA1E9A07}.Release|Any CPU.Build.0 = Release|Any CPU
		{44848CDE-32F4-47E3-B5C9-D64BDA1E9A07}.Release|x64.ActiveCfg = Release|Any CPU
		{44848CDE-32F4-47E3-B5C9-D64BDA1E9A07}.Release|x64.Build.0 = Release|Any CPU
		{44848CDE-32F4-47E3-B5C9-D64BDA1E9A07}.Release|x86.ActiveCfg = Release|Any CPU
		{44848CDE-32F4-47E3-B5C9-D64BDA1E9A07}.Release|x86.Build.0 = Release|Any CPU
		{0C105C0F-FF53-485E-B25D-E8F2296616D0}.Debug|Any CPU.ActiveCfg = Debug|Any CPU
		{0C105C0F-FF53-485E-B25D-E8F2296616D0}.Debug|Any CPU.Build.0 = Debug|Any CPU
		{0C105C0F-FF53-485E-B25D-E8F2296616D0}.Debug|x64.ActiveCfg = Debug|Any CPU
		{0C105C0F-FF53-485E-B25D-E8F2296616D0}.Debug|x64.Build.0 = Debug|Any CPU
		{0C105C0F-FF53-485E-B25D-E8F2296616D0}.Debug|x86.ActiveCfg = Debug|Any CPU
		{0C105C0F-FF53-485E-B25D-E8F2296616D0}.Debug|x86.Build.0 = Debug|Any CPU
		{0C105C0F-FF53-485E-B25D-E8F2296616D0}.Release|Any CPU.ActiveCfg = Release|Any CPU
		{0C105C0F-FF53-485E-B25D-E8F2296616D0}.Release|Any CPU.Build.0 = Release|Any CPU
		{0C105C0F-FF53-485E-B25D-E8F2296616D0}.Release|x64.ActiveCfg = Release|Any CPU
		{0C105C0F-FF53-485E-B25D-E8F2296616D0}.Release|x64.Build.0 = Release|Any CPU
		{0C105C0F-FF53-485E-B25D-E8F2296616D0}.Release|x86.ActiveCfg = Release|Any CPU
		{0C105C0F-FF53-485E-B25D-E8F2296616D0}.Release|x86.Build.0 = Release|Any CPU
		{A2D5E78D-873A-4A85-BA3C-326246BB6715}.Debug|Any CPU.ActiveCfg = Debug|Any CPU
		{A2D5E78D-873A-4A85-BA3C-326246BB6715}.Debug|Any CPU.Build.0 = Debug|Any CPU
		{A2D5E78D-873A-4A85-BA3C-326246BB6715}.Debug|x64.ActiveCfg = Debug|Any CPU
		{A2D5E78D-873A-4A85-BA3C-326246BB6715}.Debug|x64.Build.0 = Debug|Any CPU
		{A2D5E78D-873A-4A85-BA3C-326246BB6715}.Debug|x86.ActiveCfg = Debug|Any CPU
		{A2D5E78D-873A-4A85-BA3C-326246BB6715}.Debug|x86.Build.0 = Debug|Any CPU
		{A2D5E78D-873A-4A85-BA3C-326246BB6715}.Release|Any CPU.ActiveCfg = Release|Any CPU
		{A2D5E78D-873A-4A85-BA3C-326246BB6715}.Release|Any CPU.Build.0 = Release|Any CPU
		{A2D5E78D-873A-4A85-BA3C-326246BB6715}.Release|x64.ActiveCfg = Release|Any CPU
		{A2D5E78D-873A-4A85-BA3C-326246BB6715}.Release|x64.Build.0 = Release|Any CPU
		{A2D5E78D-873A-4A85-BA3C-326246BB6715}.Release|x86.ActiveCfg = Release|Any CPU
		{A2D5E78D-873A-4A85-BA3C-326246BB6715}.Release|x86.Build.0 = Release|Any CPU
		{A592C222-1BD7-4536-9535-5B121A5B2A8D}.Debug|Any CPU.ActiveCfg = Debug|Any CPU
		{A592C222-1BD7-4536-9535-5B121A5B2A8D}.Debug|Any CPU.Build.0 = Debug|Any CPU
		{A592C222-1BD7-4536-9535-5B121A5B2A8D}.Debug|x64.ActiveCfg = Debug|Any CPU
		{A592C222-1BD7-4536-9535-5B121A5B2A8D}.Debug|x64.Build.0 = Debug|Any CPU
		{A592C222-1BD7-4536-9535-5B121A5B2A8D}.Debug|x86.ActiveCfg = Debug|Any CPU
		{A592C222-1BD7-4536-9535-5B121A5B2A8D}.Debug|x86.Build.0 = Debug|Any CPU
		{A592C222-1BD7-4536-9535-5B121A5B2A8D}.Release|Any CPU.ActiveCfg = Release|Any CPU
		{A592C222-1BD7-4536-9535-5B121A5B2A8D}.Release|Any CPU.Build.0 = Release|Any CPU
		{A592C222-1BD7-4536-9535-5B121A5B2A8D}.Release|x64.ActiveCfg = Release|Any CPU
		{A592C222-1BD7-4536-9535-5B121A5B2A8D}.Release|x64.Build.0 = Release|Any CPU
		{A592C222-1BD7-4536-9535-5B121A5B2A8D}.Release|x86.ActiveCfg = Release|Any CPU
		{A592C222-1BD7-4536-9535-5B121A5B2A8D}.Release|x86.Build.0 = Release|Any CPU
	EndGlobalSection
	GlobalSection(SolutionProperties) = preSolution
		HideSolutionNode = FALSE
	EndGlobalSection
	GlobalSection(NestedProjects) = preSolution
		{50B7D214-801E-4996-9539-001FA89B49AA} = {827E0CD3-B72D-47B6-A68D-7590B98EB39B}
		{EC447DCF-ABFA-6E24-52A5-D7FD48A5C558} = {827E0CD3-B72D-47B6-A68D-7590B98EB39B}
		{A5CC4D75-6B64-0E2F-A8D1-8265ADF4E053} = {EC447DCF-ABFA-6E24-52A5-D7FD48A5C558}
		{EBFD9DBA-4DF6-AB14-A094-B94C2B68F6C6} = {A5CC4D75-6B64-0E2F-A8D1-8265ADF4E053}
		{9C3B0894-DA78-4ED2-B545-6FA64B5511AE} = {EBFD9DBA-4DF6-AB14-A094-B94C2B68F6C6}
		{0BC8F833-1D6F-D31F-4236-06F2C1E7DE3C} = {A5CC4D75-6B64-0E2F-A8D1-8265ADF4E053}
		{688BD870-60A4-40D0-B416-5A3578FFE5D0} = {0BC8F833-1D6F-D31F-4236-06F2C1E7DE3C}
		{BE34361C-7829-A02E-AD53-ED4DAECF2E7B} = {A5CC4D75-6B64-0E2F-A8D1-8265ADF4E053}
		{1C709CF6-3C41-4BF1-804D-F4CD6F86FDCE} = {BE34361C-7829-A02E-AD53-ED4DAECF2E7B}
		{99A86045-FCBB-37CF-4B08-435898B78BB4} = {A5CC4D75-6B64-0E2F-A8D1-8265ADF4E053}
		{00309FAF-76F1-4C7A-9A79-80C2603D6B15} = {99A86045-FCBB-37CF-4B08-435898B78BB4}
		{4260EF14-A79C-2D1E-013E-0CAF2E0F41D3} = {EC447DCF-ABFA-6E24-52A5-D7FD48A5C558}
		{FDE0D668-82CC-2E25-675E-024690D326FF} = {4260EF14-A79C-2D1E-013E-0CAF2E0F41D3}
		{7BD9B03E-6684-497A-B708-174D37E2EFF5} = {FDE0D668-82CC-2E25-675E-024690D326FF}
		{ADA20D3A-4BEC-5F32-AF15-47624C21F0D5} = {4260EF14-A79C-2D1E-013E-0CAF2E0F41D3}
		{3D967E3F-8D24-4209-830D-A411C0358448} = {ADA20D3A-4BEC-5F32-AF15-47624C21F0D5}
		{6099763F-22B3-3348-29C4-1A64BAF87E82} = {4260EF14-A79C-2D1E-013E-0CAF2E0F41D3}
		{8C900F71-B1F5-4132-BD6C-215D1DDE3EF9} = {6099763F-22B3-3348-29C4-1A64BAF87E82}
		{99F1C9B7-995A-66A3-C003-56B8B722E905} = {4260EF14-A79C-2D1E-013E-0CAF2E0F41D3}
		{7D2B42A9-D09A-4D72-A3FB-DC2388356EB9} = {99F1C9B7-995A-66A3-C003-56B8B722E905}
		{72D90D98-2977-7949-81F5-CA55A7205F48} = {EC447DCF-ABFA-6E24-52A5-D7FD48A5C558}
		{F93E7764-B540-F351-BD7C-4C4D9E212A5F} = {72D90D98-2977-7949-81F5-CA55A7205F48}
		{56F7FBD7-7C51-44F6-A6B5-F68B592792D1} = {F93E7764-B540-F351-BD7C-4C4D9E212A5F}
		{9D7EC0FC-4979-46E8-89C7-E85E33AA70E2} = {72D90D98-2977-7949-81F5-CA55A7205F48}
		{8CF6FCBA-4DEB-4D4F-A5F3-5CA3A8DC5EE4} = {9D7EC0FC-4979-46E8-89C7-E85E33AA70E2}
		{E379B3FD-5090-B2DA-0CEE-37A195F56634} = {72D90D98-2977-7949-81F5-CA55A7205F48}
		{A4043A1D-7FF0-4BDD-8FBE-72E5A6FBAC98} = {E379B3FD-5090-B2DA-0CEE-37A195F56634}
		{30B8B483-FF07-EF56-D2E1-473E87FB67D5} = {72D90D98-2977-7949-81F5-CA55A7205F48}
		{2AC72676-82BA-46E0-A788-D46CD6720DE7} = {30B8B483-FF07-EF56-D2E1-473E87FB67D5}
		{DE9DAF8A-E684-0FD3-FFDC-40D3E3158533} = {EC447DCF-ABFA-6E24-52A5-D7FD48A5C558}
		{5A2000BE-2F10-E714-02EB-FE03BB1B81A4} = {DE9DAF8A-E684-0FD3-FFDC-40D3E3158533}
		{9C2BB00A-012D-4487-9168-C6C34C46E2A0} = {5A2000BE-2F10-E714-02EB-FE03BB1B81A4}
		{9E2A1AC7-D787-4F45-679D-00F70A4259B3} = {DE9DAF8A-E684-0FD3-FFDC-40D3E3158533}
		{4364F9B7-698B-4380-8A29-8E5C95C33CD3} = {9E2A1AC7-D787-4F45-679D-00F70A4259B3}
		{8397FBE7-0207-9735-8802-744B88143CC1} = {DE9DAF8A-E684-0FD3-FFDC-40D3E3158533}
		{598F0ABF-CFC3-4F8C-B068-ED31F1D032D1} = {8397FBE7-0207-9735-8802-744B88143CC1}
		{DD23DE8B-14E5-FAE5-526B-06C10D66314B} = {DE9DAF8A-E684-0FD3-FFDC-40D3E3158533}
		{8504D669-08FE-4CE2-9BA6-558187A36DD8} = {DD23DE8B-14E5-FAE5-526B-06C10D66314B}
		{F76A4D96-877B-5F50-AF00-5E9467FFFDF0} = {EC447DCF-ABFA-6E24-52A5-D7FD48A5C558}
		{A669423C-05DD-CA9B-3F5C-792445F42A4C} = {F76A4D96-877B-5F50-AF00-5E9467FFFDF0}
		{DB76FCDF-DD0B-43FB-9A64-14453DF374BB} = {A669423C-05DD-CA9B-3F5C-792445F42A4C}
		{392C025B-9143-42F1-D124-77159680BB0B} = {F76A4D96-877B-5F50-AF00-5E9467FFFDF0}
		{64990EFC-9BCD-48A0-A100-A61BEDD99865} = {392C025B-9143-42F1-D124-77159680BB0B}
		{D577DC8C-8236-D127-1BD0-0663A1BA4B68} = {F76A4D96-877B-5F50-AF00-5E9467FFFDF0}
		{BC6E6613-3ED3-4675-B28A-B14D75CBAFB3} = {D577DC8C-8236-D127-1BD0-0663A1BA4B68}
		{834958BD-A990-041C-2B94-2246E24DBB26} = {F76A4D96-877B-5F50-AF00-5E9467FFFDF0}
		{2A379ADE-8297-4695-AF08-DB1EE52154EF} = {834958BD-A990-041C-2B94-2246E24DBB26}
		{C8E42992-5E42-0C2B-DBFE-AA848D06431C} = {827E0CD3-B72D-47B6-A68D-7590B98EB39B}
		{9A15E1EA-6836-4D7F-BBC4-EEBAD9E4B1F3} = {C8E42992-5E42-0C2B-DBFE-AA848D06431C}
		{44848CDE-32F4-47E3-B5C9-D64BDA1E9A07} = {C8E42992-5E42-0C2B-DBFE-AA848D06431C}
		{0C105C0F-FF53-485E-B25D-E8F2296616D0} = {0AB3BF05-4346-4AA6-1389-037BE0695223}
		{A2D5E78D-873A-4A85-BA3C-326246BB6715} = {0AB3BF05-4346-4AA6-1389-037BE0695223}
		{A592C222-1BD7-4536-9535-5B121A5B2A8D} = {0AB3BF05-4346-4AA6-1389-037BE0695223}
	EndGlobalSection
EndGlobal
